// !$*UTF8*$!
{
	archiveVersion = 1;
	classes = {
	};
	objectVersion = 46;
	objects = {

/* Begin PBXBuildFile section */
		3BF60570E2684BA85D5FCF5D /* Pods_taskapp.framework in Frameworks */ = {isa = PBXBuildFile; fileRef = A64EBC0F8E2C112A4EE540FF /* Pods_taskapp.framework */; };
		D7AF32AC1D7D7E9F006D09DF /* Task.swift in Sources */ = {isa = PBXBuildFile; fileRef = D7AF32AB1D7D7E9F006D09DF /* Task.swift */; };
		D7EAC1251D73F19600B26BA3 /* AppDelegate.swift in Sources */ = {isa = PBXBuildFile; fileRef = D7EAC1241D73F19600B26BA3 /* AppDelegate.swift */; };
		D7EAC1271D73F19600B26BA3 /* ViewController.swift in Sources */ = {isa = PBXBuildFile; fileRef = D7EAC1261D73F19600B26BA3 /* ViewController.swift */; };
		D7EAC12A1D73F19600B26BA3 /* Main.storyboard in Resources */ = {isa = PBXBuildFile; fileRef = D7EAC1281D73F19600B26BA3 /* Main.storyboard */; };
		D7EAC12C1D73F19600B26BA3 /* Assets.xcassets in Resources */ = {isa = PBXBuildFile; fileRef = D7EAC12B1D73F19600B26BA3 /* Assets.xcassets */; };
		D7EAC12F1D73F19600B26BA3 /* LaunchScreen.storyboard in Resources */ = {isa = PBXBuildFile; fileRef = D7EAC12D1D73F19600B26BA3 /* LaunchScreen.storyboard */; };
		D7EAC13B1D798CAE00B26BA3 /* InputViewController.swift in Sources */ = {isa = PBXBuildFile; fileRef = D7EAC13A1D798CAE00B26BA3 /* InputViewController.swift */; };
/* End PBXBuildFile section */

/* Begin PBXFileReference section */
		5C2EFB90577D24F8372684C6 /* Pods-taskapp.release.xcconfig */ = {isa = PBXFileReference; includeInIndex = 1; lastKnownFileType = text.xcconfig; name = "Pods-taskapp.release.xcconfig"; path = "Pods/Target Support Files/Pods-taskapp/Pods-taskapp.release.xcconfig"; sourceTree = "<group>"; };
		A64EBC0F8E2C112A4EE540FF /* Pods_taskapp.framework */ = {isa = PBXFileReference; explicitFileType = wrapper.framework; includeInIndex = 0; path = Pods_taskapp.framework; sourceTree = BUILT_PRODUCTS_DIR; };
		C8BFA605474D5C2C8E71457E /* Pods-taskapp.debug.xcconfig */ = {isa = PBXFileReference; includeInIndex = 1; lastKnownFileType = text.xcconfig; name = "Pods-taskapp.debug.xcconfig"; path = "Pods/Target Support Files/Pods-taskapp/Pods-taskapp.debug.xcconfig"; sourceTree = "<group>"; };
		D7AF32AB1D7D7E9F006D09DF /* Task.swift */ = {isa = PBXFileReference; fileEncoding = 4; lastKnownFileType = sourcecode.swift; path = Task.swift; sourceTree = "<group>"; };
		D7EAC1211D73F19600B26BA3 /* taskapp.app */ = {isa = PBXFileReference; explicitFileType = wrapper.application; includeInIndex = 0; path = taskapp.app; sourceTree = BUILT_PRODUCTS_DIR; };
		D7EAC1241D73F19600B26BA3 /* AppDelegate.swift */ = {isa = PBXFileReference; lastKnownFileType = sourcecode.swift; path = AppDelegate.swift; sourceTree = "<group>"; };
		D7EAC1261D73F19600B26BA3 /* ViewController.swift */ = {isa = PBXFileReference; lastKnownFileType = sourcecode.swift; path = ViewController.swift; sourceTree = "<group>"; };
		D7EAC1291D73F19600B26BA3 /* Base */ = {isa = PBXFileReference; lastKnownFileType = file.storyboard; name = Base; path = Base.lproj/Main.storyboard; sourceTree = "<group>"; };
		D7EAC12B1D73F19600B26BA3 /* Assets.xcassets */ = {isa = PBXFileReference; lastKnownFileType = folder.assetcatalog; path = Assets.xcassets; sourceTree = "<group>"; };
		D7EAC12E1D73F19600B26BA3 /* Base */ = {isa = PBXFileReference; lastKnownFileType = file.storyboard; name = Base; path = Base.lproj/LaunchScreen.storyboard; sourceTree = "<group>"; };
		D7EAC1301D73F19600B26BA3 /* Info.plist */ = {isa = PBXFileReference; lastKnownFileType = text.plist.xml; path = Info.plist; sourceTree = "<group>"; };
		D7EAC13A1D798CAE00B26BA3 /* InputViewController.swift */ = {isa = PBXFileReference; fileEncoding = 4; lastKnownFileType = sourcecode.swift; path = InputViewController.swift; sourceTree = "<group>"; };
/* End PBXFileReference section */

/* Begin PBXFrameworksBuildPhase section */
		D7EAC11E1D73F19600B26BA3 /* Frameworks */ = {
			isa = PBXFrameworksBuildPhase;
			buildActionMask = 2147483647;
			files = (
				3BF60570E2684BA85D5FCF5D /* Pods_taskapp.framework in Frameworks */,
			);
			runOnlyForDeploymentPostprocessing = 0;
		};
/* End PBXFrameworksBuildPhase section */

/* Begin PBXGroup section */
		4BBD818D2595AD49AE944BCC /* Pods */ = {
			isa = PBXGroup;
			children = (
				C8BFA605474D5C2C8E71457E /* Pods-taskapp.debug.xcconfig */,
				5C2EFB90577D24F8372684C6 /* Pods-taskapp.release.xcconfig */,
			);
			name = Pods;
			sourceTree = "<group>";
		};
		4EC33F13EDD4C704CAC006FD /* Frameworks */ = {
			isa = PBXGroup;
			children = (
				A64EBC0F8E2C112A4EE540FF /* Pods_taskapp.framework */,
			);
			name = Frameworks;
			sourceTree = "<group>";
		};
		D7EAC1181D73F19600B26BA3 = {
			isa = PBXGroup;
			children = (
				D7EAC1231D73F19600B26BA3 /* taskapp */,
				D7EAC1221D73F19600B26BA3 /* Products */,
				4BBD818D2595AD49AE944BCC /* Pods */,
				4EC33F13EDD4C704CAC006FD /* Frameworks */,
			);
			sourceTree = "<group>";
		};
		D7EAC1221D73F19600B26BA3 /* Products */ = {
			isa = PBXGroup;
			children = (
				D7EAC1211D73F19600B26BA3 /* taskapp.app */,
			);
			name = Products;
			sourceTree = "<group>";
		};
		D7EAC1231D73F19600B26BA3 /* taskapp */ = {
			isa = PBXGroup;
			children = (
				D7EAC13A1D798CAE00B26BA3 /* InputViewController.swift */,
				D7EAC1241D73F19600B26BA3 /* AppDelegate.swift */,
				D7EAC1261D73F19600B26BA3 /* ViewController.swift */,
				D7AF32AB1D7D7E9F006D09DF /* Task.swift */,
				D7EAC1281D73F19600B26BA3 /* Main.storyboard */,
				D7EAC12B1D73F19600B26BA3 /* Assets.xcassets */,
				D7EAC12D1D73F19600B26BA3 /* LaunchScreen.storyboard */,
				D7EAC1301D73F19600B26BA3 /* Info.plist */,
			);
			path = taskapp;
			sourceTree = "<group>";
		};
/* End PBXGroup section */

/* Begin PBXNativeTarget section */
		D7EAC1201D73F19600B26BA3 /* taskapp */ = {
			isa = PBXNativeTarget;
			buildConfigurationList = D7EAC1331D73F19600B26BA3 /* Build configuration list for PBXNativeTarget "taskapp" */;
			buildPhases = (
				4E1B4DAF15FEB6452EF79599 /* [CP] Check Pods Manifest.lock */,
				D7EAC11D1D73F19600B26BA3 /* Sources */,
				D7EAC11E1D73F19600B26BA3 /* Frameworks */,
				D7EAC11F1D73F19600B26BA3 /* Resources */,
				8A58693911D66830C9D08370 /* [CP] Embed Pods Frameworks */,
				00146397057F1E15EA7CD866 /* [CP] Copy Pods Resources */,
			);
			buildRules = (
			);
			dependencies = (
			);
			name = taskapp;
			productName = taskapp;
			productReference = D7EAC1211D73F19600B26BA3 /* taskapp.app */;
			productType = "com.apple.product-type.application";
		};
/* End PBXNativeTarget section */

/* Begin PBXProject section */
		D7EAC1191D73F19600B26BA3 /* Project object */ = {
			isa = PBXProject;
			attributes = {
				LastSwiftUpdateCheck = 0730;
				LastUpgradeCheck = 0730;
				ORGANIZATIONNAME = Yushi;
				TargetAttributes = {
					D7EAC1201D73F19600B26BA3 = {
						CreatedOnToolsVersion = 7.3.1;
						DevelopmentTeam = N253LMJ3N3;
					};
				};
			};
			buildConfigurationList = D7EAC11C1D73F19600B26BA3 /* Build configuration list for PBXProject "taskapp" */;
			compatibilityVersion = "Xcode 3.2";
			developmentRegion = English;
			hasScannedForEncodings = 0;
			knownRegions = (
				en,
				Base,
			);
			mainGroup = D7EAC1181D73F19600B26BA3;
			productRefGroup = D7EAC1221D73F19600B26BA3 /* Products */;
			projectDirPath = "";
			projectRoot = "";
			targets = (
				D7EAC1201D73F19600B26BA3 /* taskapp */,
			);
		};
/* End PBXProject section */

/* Begin PBXResourcesBuildPhase section */
		D7EAC11F1D73F19600B26BA3 /* Resources */ = {
			isa = PBXResourcesBuildPhase;
			buildActionMask = 2147483647;
			files = (
				D7EAC12F1D73F19600B26BA3 /* LaunchScreen.storyboard in Resources */,
				D7EAC12C1D73F19600B26BA3 /* Assets.xcassets in Resources */,
				D7EAC12A1D73F19600B26BA3 /* Main.storyboard in Resources */,
			);
			runOnlyForDeploymentPostprocessing = 0;
		};
/* End PBXResourcesBuildPhase section */

/* Begin PBXShellScriptBuildPhase section */
		00146397057F1E15EA7CD866 /* [CP] Copy Pods Resources */ = {
			isa = PBXShellScriptBuildPhase;
			buildActionMask = 2147483647;
			files = (
			);
			inputPaths = (
			);
			name = "[CP] Copy Pods Resources";
			outputPaths = (
			);
			runOnlyForDeploymentPostprocessing = 0;
			shellPath = /bin/sh;
			shellScript = "\"${SRCROOT}/Pods/Target Support Files/Pods-taskapp/Pods-taskapp-resources.sh\"\n";
			showEnvVarsInLog = 0;
		};
		4E1B4DAF15FEB6452EF79599 /* [CP] Check Pods Manifest.lock */ = {
			isa = PBXShellScriptBuildPhase;
			buildActionMask = 2147483647;
			files = (
			);
			inputPaths = (
			);
			name = "[CP] Check Pods Manifest.lock";
			outputPaths = (
			);
			runOnlyForDeploymentPostprocessing = 0;
			shellPath = /bin/sh;
			shellScript = "diff \"${PODS_ROOT}/../Podfile.lock\" \"${PODS_ROOT}/Manifest.lock\" > /dev/null\nif [[ $? != 0 ]] ; then\n    cat << EOM\nerror: The sandbox is not in sync with the Podfile.lock. Run 'pod install' or update your CocoaPods installation.\nEOM\n    exit 1\nfi\n";
			showEnvVarsInLog = 0;
		};
		8A58693911D66830C9D08370 /* [CP] Embed Pods Frameworks */ = {
			isa = PBXShellScriptBuildPhase;
			buildActionMask = 2147483647;
			files = (
			);
			inputPaths = (
			);
			name = "[CP] Embed Pods Frameworks";
			outputPaths = (
			);
			runOnlyForDeploymentPostprocessing = 0;
			shellPath = /bin/sh;
			shellScript = "\"${SRCROOT}/Pods/Target Support Files/Pods-taskapp/Pods-taskapp-frameworks.sh\"\n";
			showEnvVarsInLog = 0;
		};
/* End PBXShellScriptBuildPhase section */

/* Begin PBXSourcesBuildPhase section */
		D7EAC11D1D73F19600B26BA3 /* Sources */ = {
			isa = PBXSourcesBuildPhase;
			buildActionMask = 2147483647;
			files = (
				D7AF32AC1D7D7E9F006D09DF /* Task.swift in Sources */,
				D7EAC13B1D798CAE00B26BA3 /* InputViewController.swift in Sources */,
				D7EAC1271D73F19600B26BA3 /* ViewController.swift in Sources */,
				D7EAC1251D73F19600B26BA3 /* AppDelegate.swift in Sources */,
			);
			runOnlyForDeploymentPostprocessing = 0;
		};
/* End PBXSourcesBuildPhase section */

/* Begin PBXVariantGroup section */
		D7EAC1281D73F19600B26BA3 /* Main.storyboard */ = {
			isa = PBXVariantGroup;
			children = (
				D7EAC1291D73F19600B26BA3 /* Base */,
			);
			name = Main.storyboard;
			sourceTree = "<group>";
		};
		D7EAC12D1D73F19600B26BA3 /* LaunchScreen.storyboard */ = {
			isa = PBXVariantGroup;
			children = (
				D7EAC12E1D73F19600B26BA3 /* Base */,
			);
			name = LaunchScreen.storyboard;
			sourceTree = "<group>";
		};
/* End PBXVariantGroup section */

/* Begin XCBuildConfiguration section */
		D7EAC1311D73F19600B26BA3 /* Debug */ = {
			isa = XCBuildConfiguration;
			buildSettings = {
				ALWAYS_SEARCH_USER_PATHS = NO;
				CLANG_ANALYZER_NONNULL = YES;
				CLANG_CXX_LANGUAGE_STANDARD = "gnu++0x";
				CLANG_CXX_LIBRARY = "libc++";
				CLANG_ENABLE_MODULES = YES;
				CLANG_ENABLE_OBJC_ARC = YES;
				CLANG_WARN_BOOL_CONVERSION = YES;
				CLANG_WARN_CONSTANT_CONVERSION = YES;
				CLANG_WARN_DIRECT_OBJC_ISA_USAGE = YES_ERROR;
				CLANG_WARN_EMPTY_BODY = YES;
				CLANG_WARN_ENUM_CONVERSION = YES;
				CLANG_WARN_INT_CONVERSION = YES;
				CLANG_WARN_OBJC_ROOT_CLASS = YES_ERROR;
				CLANG_WARN_UNREACHABLE_CODE = YES;
				CLANG_WARN__DUPLICATE_METHOD_MATCH = YES;
				"CODE_SIGN_IDENTITY[sdk=iphoneos*]" = "iPhone Developer";
				COPY_PHASE_STRIP = NO;
				DEBUG_INFORMATION_FORMAT = dwarf;
				ENABLE_STRICT_OBJC_MSGSEND = YES;
				ENABLE_TESTABILITY = YES;
				GCC_C_LANGUAGE_STANDARD = gnu99;
				GCC_DYNAMIC_NO_PIC = NO;
				GCC_NO_COMMON_BLOCKS = YES;
				GCC_OPTIMIZATION_LEVEL = 0;
				GCC_PREPROCESSOR_DEFINITIONS = (
					"DEBUG=1",
					"$(inherited)",
				);
				GCC_WARN_64_TO_32_BIT_CONVERSION = YES;
				GCC_WARN_ABOUT_RETURN_TYPE = YES_ERROR;
				GCC_WARN_UNDECLARED_SELECTOR = YES;
				GCC_WARN_UNINITIALIZED_AUTOS = YES_AGGRESSIVE;
				GCC_WARN_UNUSED_FUNCTION = YES;
				GCC_WARN_UNUSED_VARIABLE = YES;
				IPHONEOS_DEPLOYMENT_TARGET = 9.3;
				MTL_ENABLE_DEBUG_INFO = YES;
				ONLY_ACTIVE_ARCH = YES;
				SDKROOT = iphoneos;
				SWIFT_OPTIMIZATION_LEVEL = "-Onone";
			};
			name = Debug;
		};
		D7EAC1321D73F19600B26BA3 /* Release */ = {
			isa = XCBuildConfiguration;
			buildSettings = {
				ALWAYS_SEARCH_USER_PATHS = NO;
				CLANG_ANALYZER_NONNULL = YES;
				CLANG_CXX_LANGUAGE_STANDARD = "gnu++0x";
				CLANG_CXX_LIBRARY = "libc++";
				CLANG_ENABLE_MODULES = YES;
				CLANG_ENABLE_OBJC_ARC = YES;
				CLANG_WARN_BOOL_CONVERSION = YES;
				CLANG_WARN_CONSTANT_CONVERSION = YES;
				CLANG_WARN_DIRECT_OBJC_ISA_USAGE = YES_ERROR;
				CLANG_WARN_EMPTY_BODY = YES;
				CLANG_WARN_ENUM_CONVERSION = YES;
				CLANG_WARN_INT_CONVERSION = YES;
				CLANG_WARN_OBJC_ROOT_CLASS = YES_ERROR;
				CLANG_WARN_UNREACHABLE_CODE = YES;
				CLANG_WARN__DUPLICATE_METHOD_MATCH = YES;
				"CODE_SIGN_IDENTITY[sdk=iphoneos*]" = "iPhone Developer";
				COPY_PHASE_STRIP = NO;
				DEBUG_INFORMATION_FORMAT = "dwarf-with-dsym";
				ENABLE_NS_ASSERTIONS = NO;
				ENABLE_STRICT_OBJC_MSGSEND = YES;
				GCC_C_LANGUAGE_STANDARD = gnu99;
				GCC_NO_COMMON_BLOCKS = YES;
				GCC_WARN_64_TO_32_BIT_CONVERSION = YES;
				GCC_WARN_ABOUT_RETURN_TYPE = YES_ERROR;
				GCC_WARN_UNDECLARED_SELECTOR = YES;
				GCC_WARN_UNINITIALIZED_AUTOS = YES_AGGRESSIVE;
				GCC_WARN_UNUSED_FUNCTION = YES;
				GCC_WARN_UNUSED_VARIABLE = YES;
				IPHONEOS_DEPLOYMENT_TARGET = 9.3;
				MTL_ENABLE_DEBUG_INFO = NO;
				SDKROOT = iphoneos;
				VALIDATE_PRODUCT = YES;
			};
			name = Release;
		};
		D7EAC1341D73F19600B26BA3 /* Debug */ = {
			isa = XCBuildConfiguration;
			baseConfigurationReference = C8BFA605474D5C2C8E71457E /* Pods-taskapp.debug.xcconfig */;
			buildSettings = {
				ASSETCATALOG_COMPILER_APPICON_NAME = AppIcon;
				CODE_SIGN_IDENTITY = "iPhone Developer";
				"CODE_SIGN_IDENTITY[sdk=iphoneos*]" = "iPhone Developer";
				INFOPLIST_FILE = taskapp/Info.plist;
				LD_RUNPATH_SEARCH_PATHS = "$(inherited) @executable_path/Frameworks";
				PRODUCT_BUNDLE_IDENTIFIER = jp.techacademy.yushi.tanabe.taskapp;
				PRODUCT_NAME = "$(TARGET_NAME)";
				PROVISIONING_PROFILE = "";
			};
			name = Debug;
		};
		D7EAC1351D73F19600B26BA3 /* Release */ = {
			isa = XCBuildConfiguration;
			baseConfigurationReference = 5C2EFB90577D24F8372684C6 /* Pods-taskapp.release.xcconfig */;
			buildSettings = {
				ASSETCATALOG_COMPILER_APPICON_NAME = AppIcon;
				CODE_SIGN_IDENTITY = "iPhone Developer";
				"CODE_SIGN_IDENTITY[sdk=iphoneos*]" = "iPhone Developer";
				INFOPLIST_FILE = taskapp/Info.plist;
				LD_RUNPATH_SEARCH_PATHS = "$(inherited) @executable_path/Frameworks";
				PRODUCT_BUNDLE_IDENTIFIER = jp.techacademy.yushi.tanabe.taskapp;
				PRODUCT_NAME = "$(TARGET_NAME)";
				PROVISIONING_PROFILE = "";
			};
			name = Release;
		};
/* End XCBuildConfiguration section */

/* Begin XCConfigurationList section */
		D7EAC11C1D73F19600B26BA3 /* Build configuration list for PBXProject "taskapp" */ = {
			isa = XCConfigurationList;
			buildConfigurations = (
				D7EAC1311D73F19600B26BA3 /* Debug */,
				D7EAC1321D73F19600B26BA3 /* Release */,
			);
			defaultConfigurationIsVisible = 0;
			defaultConfigurationName = Release;
		};
		D7EAC1331D73F19600B26BA3 /* Build configuration list for PBXNativeTarget "taskapp" */ = {
			isa = XCConfigurationList;
			buildConfigurations = (
				D7EAC1341D73F19600B26BA3 /* Debug */,
				D7EAC1351D73F19600B26BA3 /* Release */,
			);
			defaultConfigurationIsVisible = 0;
			defaultConfigurationName = Release;
		};
/* End XCConfigurationList section */
	};
	rootObject = D7EAC1191D73F19600B26BA3 /* Project object */;
}
